
Microsoft Visual Studio Solution File, Format Version 12.00
# Visual Studio Version 17
VisualStudioVersion = 17.9.34728.123
MinimumVisualStudioVersion = 10.0.40219.1
Project("{FAE04EC0-301F-11D3-BF4B-00C04F79EFBC}") = "ISPDomain", "ISPDomain\ISPDomain.csproj", "{C7851072-8512-434C-9B6A-D31ACA174A5D}"
EndProject
Global
	GlobalSection(SolutionConfigurationPlatforms) = preSolution
		Debug|Any CPU = Debug|Any CPU
		Release|Any CPU = Release|Any CPU
	EndGlobalSection
	GlobalSection(ProjectConfigurationPlatforms) = postSolution
		{C7851072-8512-434C-9B6A-D31ACA174A5D}.Debug|Any CPU.ActiveCfg = Debug|Any CPU
		{C7851072-8512-434C-9B6A-D31ACA174A5D}.Debug|Any CPU.Build.0 = Debug|Any CPU
		{C7851072-8512-434C-9B6A-D31ACA174A5D}.Release|Any CPU.ActiveCfg = Release|Any CPU
		{C7851072-8512-434C-9B6A-D31ACA174A5D}.Release|Any CPU.Build.0 = Release|Any CPU
	EndGlobalSection
	GlobalSection(SolutionProperties) = preSolution
		HideSolutionNode = FALSE
	EndGlobalSection
	GlobalSection(ExtensibilityGlobals) = postSolution
		SolutionGuid = {F9B10D59-946E-4F98-A365-D42C69EBD080}
	EndGlobalSection
EndGlobal
